
Microsoft Visual Studio Solution File, Format Version 12.00
# Visual Studio 15
VisualStudioVersion = 15.0.27004.2008
MinimumVisualStudioVersion = 10.0.40219.1
Project("{FAE04EC0-301F-11D3-BF4B-00C04F79EFBC}") = "ExcelToSql", "ExcelToSql\ExcelToSql.csproj", "{7D96E3C3-0B7D-4B59-BAAC-7CB954287A95}"
EndProject
Project("{FAE04EC0-301F-11D3-BF4B-00C04F79EFBC}") = "ExcelToSqlTests", "ExcelToSqlTests\ExcelToSqlTests.csproj", "{3CE6CC62-D795-4993-8968-5BBAC25B38AE}"
EndProject
Project("{FAE04EC0-301F-11D3-BF4B-00C04F79EFBC}") = "TryApp", "TryApp\TryApp.csproj", "{7DF97446-FDFD-4F14-A139-B7D6B2743D76}"
EndProject
Project("{2150E333-8FDC-42A3-9474-1A3956D46DE8}") = "Solution Items", "Solution Items", "{46FE1BF7-8DED-47A2-9CEA-BC9C4F4F54F2}"
	ProjectSection(SolutionItems) = preProject
		Tools.testsettings = Tools.testsettings
	EndProjectSection
EndProject
Project("{FAE04EC0-301F-11D3-BF4B-00C04F79EFBC}") = "RestClient", "RestClient\RestClient.csproj", "{18FAE7A0-BE18-420A-85CD-9A6B9C255C89}"
EndProject
Global
	GlobalSection(SolutionConfigurationPlatforms) = preSolution
		Debug|Any CPU = Debug|Any CPU
		Debug|x64 = Debug|x64
		Release|Any CPU = Release|Any CPU
		Release|x64 = Release|x64
	EndGlobalSection
	GlobalSection(ProjectConfigurationPlatforms) = postSolution
		{7D96E3C3-0B7D-4B59-BAAC-7CB954287A95}.Debug|Any CPU.ActiveCfg = Debug|Any CPU
		{7D96E3C3-0B7D-4B59-BAAC-7CB954287A95}.Debug|Any CPU.Build.0 = Debug|Any CPU
		{7D96E3C3-0B7D-4B59-BAAC-7CB954287A95}.Debug|x64.ActiveCfg = Debug|x64
		{7D96E3C3-0B7D-4B59-BAAC-7CB954287A95}.Debug|x64.Build.0 = Debug|x64
		{7D96E3C3-0B7D-4B59-BAAC-7CB954287A95}.Release|Any CPU.ActiveCfg = Release|Any CPU
		{7D96E3C3-0B7D-4B59-BAAC-7CB954287A95}.Release|Any CPU.Build.0 = Release|Any CPU
		{7D96E3C3-0B7D-4B59-BAAC-7CB954287A95}.Release|x64.ActiveCfg = Release|x64
		{7D96E3C3-0B7D-4B59-BAAC-7CB954287A95}.Release|x64.Build.0 = Release|x64
		{3CE6CC62-D795-4993-8968-5BBAC25B38AE}.Debug|Any CPU.ActiveCfg = Debug|Any CPU
		{3CE6CC62-D795-4993-8968-5BBAC25B38AE}.Debug|Any CPU.Build.0 = Debug|Any CPU
		{3CE6CC62-D795-4993-8968-5BBAC25B38AE}.Debug|x64.ActiveCfg = Debug|x64
		{3CE6CC62-D795-4993-8968-5BBAC25B38AE}.Debug|x64.Build.0 = Debug|x64
		{3CE6CC62-D795-4993-8968-5BBAC25B38AE}.Release|Any CPU.ActiveCfg = Release|Any CPU
		{3CE6CC62-D795-4993-8968-5BBAC25B38AE}.Release|Any CPU.Build.0 = Release|Any CPU
		{3CE6CC62-D795-4993-8968-5BBAC25B38AE}.Release|x64.ActiveCfg = Release|x64
		{3CE6CC62-D795-4993-8968-5BBAC25B38AE}.Release|x64.Build.0 = Release|x64
		{7DF97446-FDFD-4F14-A139-B7D6B2743D76}.Debug|Any CPU.ActiveCfg = Debug|Any CPU
		{7DF97446-FDFD-4F14-A139-B7D6B2743D76}.Debug|Any CPU.Build.0 = Debug|Any CPU
		{7DF97446-FDFD-4F14-A139-B7D6B2743D76}.Debug|x64.ActiveCfg = Debug|x64
		{7DF97446-FDFD-4F14-A139-B7D6B2743D76}.Debug|x64.Build.0 = Debug|x64
		{7DF97446-FDFD-4F14-A139-B7D6B2743D76}.Release|Any CPU.ActiveCfg = Release|Any CPU
		{7DF97446-FDFD-4F14-A139-B7D6B2743D76}.Release|Any CPU.Build.0 = Release|Any CPU
		{7DF97446-FDFD-4F14-A139-B7D6B2743D76}.Release|x64.ActiveCfg = Release|x64
		{7DF97446-FDFD-4F14-A139-B7D6B2743D76}.Release|x64.Build.0 = Release|x64
		{18FAE7A0-BE18-420A-85CD-9A6B9C255C89}.Debug|Any CPU.ActiveCfg = Debug|Any CPU
		{18FAE7A0-BE18-420A-85CD-9A6B9C255C89}.Debug|Any CPU.Build.0 = Debug|Any CPU
		{18FAE7A0-BE18-420A-85CD-9A6B9C255C89}.Debug|x64.ActiveCfg = Debug|Any CPU
		{18FAE7A0-BE18-420A-85CD-9A6B9C255C89}.Debug|x64.Build.0 = Debug|Any CPU
		{18FAE7A0-BE18-420A-85CD-9A6B9C255C89}.Release|Any CPU.ActiveCfg = Release|Any CPU
		{18FAE7A0-BE18-420A-85CD-9A6B9C255C89}.Release|Any CPU.Build.0 = Release|Any CPU
		{18FAE7A0-BE18-420A-85CD-9A6B9C255C89}.Release|x64.ActiveCfg = Release|Any CPU
		{18FAE7A0-BE18-420A-85CD-9A6B9C255C89}.Release|x64.Build.0 = Release|Any CPU
	EndGlobalSection
	GlobalSection(SolutionProperties) = preSolution
		HideSolutionNode = FALSE
	EndGlobalSection
	GlobalSection(ExtensibilityGlobals) = postSolution
		SolutionGuid = {38F94380-2EB8-4004-84A7-E39AE0F0C31D}
	EndGlobalSection
EndGlobal
